
Microsoft Visual Studio Solution File, Format Version 12.00
# Visual Studio Version 16
VisualStudioVersion = 16.0.31321.278
MinimumVisualStudioVersion = 10.0.40219.1
Project("{9A19103F-16F7-4668-BE54-9A1E7A4F7556}") = "Technology", "Technology\Technology.csproj", "{2E84638C-7345-4ADC-9832-CEAAFE0643D0}"
EndProject
Project("{FAE04EC0-301F-11D3-BF4B-00C04F79EFBC}") = "TechnologyTest", "TechnologyTest\TechnologyTest.csproj", "{1558B4C2-5C7B-451C-AE8D-7845B4075F13}"
EndProject
Global
	GlobalSection(SolutionConfigurationPlatforms) = preSolution
		Debug|Any CPU = Debug|Any CPU
		Release|Any CPU = Release|Any CPU
	EndGlobalSection
	GlobalSection(ProjectConfigurationPlatforms) = postSolution
		{2E84638C-7345-4ADC-9832-CEAAFE0643D0}.Debug|Any CPU.ActiveCfg = Debug|Any CPU
		{2E84638C-7345-4ADC-9832-CEAAFE0643D0}.Debug|Any CPU.Build.0 = Debug|Any CPU
		{2E84638C-7345-4ADC-9832-CEAAFE0643D0}.Release|Any CPU.ActiveCfg = Release|Any CPU
		{2E84638C-7345-4ADC-9832-CEAAFE0643D0}.Release|Any CPU.Build.0 = Release|Any CPU
		{1558B4C2-5C7B-451C-AE8D-7845B4075F13}.Debug|Any CPU.ActiveCfg = Debug|Any CPU
		{1558B4C2-5C7B-451C-AE8D-7845B4075F13}.Debug|Any CPU.Build.0 = Debug|Any CPU
		{1558B4C2-5C7B-451C-AE8D-7845B4075F13}.Release|Any CPU.ActiveCfg = Release|Any CPU
		{1558B4C2-5C7B-451C-AE8D-7845B4075F13}.Release|Any CPU.Build.0 = Release|Any CPU
	EndGlobalSection
	GlobalSection(SolutionProperties) = preSolution
		HideSolutionNode = FALSE
	EndGlobalSection
	GlobalSection(ExtensibilityGlobals) = postSolution
		SolutionGuid = {FDA97172-EB56-4F3E-A3E4-2F77A0CB20BA}
	EndGlobalSection
EndGlobal
